// !$*UTF8*$!
{
	archiveVersion = 1;
	classes = {
	};
	objectVersion = 51;
	objects = {

/* Begin PBXBuildFile section */
		8887CDA92454285C00BBB98F /* AppDelegate.swift in Sources */ = {isa = PBXBuildFile; fileRef = 8887CDA82454285C00BBB98F /* AppDelegate.swift */; };
		8887CDAB2454285C00BBB98F /* SceneDelegate.swift in Sources */ = {isa = PBXBuildFile; fileRef = 8887CDAA2454285C00BBB98F /* SceneDelegate.swift */; };
		8887CDAD2454285C00BBB98F /* TrackerViewController.swift in Sources */ = {isa = PBXBuildFile; fileRef = 8887CDAC2454285C00BBB98F /* TrackerViewController.swift */; };
		8887CDB02454285C00BBB98F /* Main.storyboard in Resources */ = {isa = PBXBuildFile; fileRef = 8887CDAE2454285C00BBB98F /* Main.storyboard */; };
		8887CDB22454285E00BBB98F /* Assets.xcassets in Resources */ = {isa = PBXBuildFile; fileRef = 8887CDB12454285E00BBB98F /* Assets.xcassets */; };
		8887CDB52454285E00BBB98F /* LaunchScreen.storyboard in Resources */ = {isa = PBXBuildFile; fileRef = 8887CDB32454285E00BBB98F /* LaunchScreen.storyboard */; };
		8887CDC02454734F00BBB98F /* CovidDataManager.swift in Sources */ = {isa = PBXBuildFile; fileRef = 8887CDBF2454734F00BBB98F /* CovidDataManager.swift */; };
		8887CDC22454736400BBB98F /* CovidData.swift in Sources */ = {isa = PBXBuildFile; fileRef = 8887CDC12454736400BBB98F /* CovidData.swift */; };
		8887CDC42454737100BBB98F /* CovidDataModel.swift in Sources */ = {isa = PBXBuildFile; fileRef = 8887CDC32454737100BBB98F /* CovidDataModel.swift */; };
		E0869D773C3DA00FCFA84D0F /* Pods_Covid_Tracker.framework in Frameworks */ = {isa = PBXBuildFile; fileRef = D49A6AC83A756E02FE5EA7F2 /* Pods_Covid_Tracker.framework */; };
/* End PBXBuildFile section */

/* Begin PBXFileReference section */
		4250A1C35D159669695081A5 /* Pods-Covid-Tracker.release.xcconfig */ = {isa = PBXFileReference; includeInIndex = 1; lastKnownFileType = text.xcconfig; name = "Pods-Covid-Tracker.release.xcconfig"; path = "Target Support Files/Pods-Covid-Tracker/Pods-Covid-Tracker.release.xcconfig"; sourceTree = "<group>"; };
		8887CDA52454285C00BBB98F /* Covid-Tracker.app */ = {isa = PBXFileReference; explicitFileType = wrapper.application; includeInIndex = 0; path = "Covid-Tracker.app"; sourceTree = BUILT_PRODUCTS_DIR; };
		8887CDA82454285C00BBB98F /* AppDelegate.swift */ = {isa = PBXFileReference; lastKnownFileType = sourcecode.swift; path = AppDelegate.swift; sourceTree = "<group>"; };
		8887CDAA2454285C00BBB98F /* SceneDelegate.swift */ = {isa = PBXFileReference; lastKnownFileType = sourcecode.swift; path = SceneDelegate.swift; sourceTree = "<group>"; };
		8887CDAC2454285C00BBB98F /* TrackerViewController.swift */ = {isa = PBXFileReference; lastKnownFileType = sourcecode.swift; path = TrackerViewController.swift; sourceTree = "<group>"; };
		8887CDAF2454285C00BBB98F /* Base */ = {isa = PBXFileReference; lastKnownFileType = file.storyboard; name = Base; path = Base.lproj/Main.storyboard; sourceTree = "<group>"; };
		8887CDB12454285E00BBB98F /* Assets.xcassets */ = {isa = PBXFileReference; lastKnownFileType = folder.assetcatalog; path = Assets.xcassets; sourceTree = "<group>"; };
		8887CDB42454285E00BBB98F /* Base */ = {isa = PBXFileReference; lastKnownFileType = file.storyboard; name = Base; path = Base.lproj/LaunchScreen.storyboard; sourceTree = "<group>"; };
		8887CDB62454285E00BBB98F /* Info.plist */ = {isa = PBXFileReference; lastKnownFileType = text.plist.xml; path = Info.plist; sourceTree = "<group>"; };
		8887CDBF2454734F00BBB98F /* CovidDataManager.swift */ = {isa = PBXFileReference; lastKnownFileType = sourcecode.swift; path = CovidDataManager.swift; sourceTree = "<group>"; };
		8887CDC12454736400BBB98F /* CovidData.swift */ = {isa = PBXFileReference; lastKnownFileType = sourcecode.swift; path = CovidData.swift; sourceTree = "<group>"; };
		8887CDC32454737100BBB98F /* CovidDataModel.swift */ = {isa = PBXFileReference; lastKnownFileType = sourcecode.swift; path = CovidDataModel.swift; sourceTree = "<group>"; };
		9762BED46436A44E62D99B43 /* Pods-Covid-Tracker.debug.xcconfig */ = {isa = PBXFileReference; includeInIndex = 1; lastKnownFileType = text.xcconfig; name = "Pods-Covid-Tracker.debug.xcconfig"; path = "Target Support Files/Pods-Covid-Tracker/Pods-Covid-Tracker.debug.xcconfig"; sourceTree = "<group>"; };
		D49A6AC83A756E02FE5EA7F2 /* Pods_Covid_Tracker.framework */ = {isa = PBXFileReference; explicitFileType = wrapper.framework; includeInIndex = 0; path = Pods_Covid_Tracker.framework; sourceTree = BUILT_PRODUCTS_DIR; };
/* End PBXFileReference section */

/* Begin PBXFrameworksBuildPhase section */
		8887CDA22454285C00BBB98F /* Frameworks */ = {
			isa = PBXFrameworksBuildPhase;
			buildActionMask = 2147483647;
			files = (
				E0869D773C3DA00FCFA84D0F /* Pods_Covid_Tracker.framework in Frameworks */,
			);
			runOnlyForDeploymentPostprocessing = 0;
		};
/* End PBXFrameworksBuildPhase section */

/* Begin PBXGroup section */
		0630407E51F60437C259E8CE /* Frameworks */ = {
			isa = PBXGroup;
			children = (
				D49A6AC83A756E02FE5EA7F2 /* Pods_Covid_Tracker.framework */,
			);
			name = Frameworks;
			sourceTree = "<group>";
		};
		1EFC69D6B904221D359B6F43 /* Pods */ = {
			isa = PBXGroup;
			children = (
				9762BED46436A44E62D99B43 /* Pods-Covid-Tracker.debug.xcconfig */,
				4250A1C35D159669695081A5 /* Pods-Covid-Tracker.release.xcconfig */,
			);
			path = Pods;
			sourceTree = "<group>";
		};
		8887CD9C2454285B00BBB98F = {
			isa = PBXGroup;
			children = (
				8887CDA72454285C00BBB98F /* Covid-Tracker */,
				8887CDA62454285C00BBB98F /* Products */,
				1EFC69D6B904221D359B6F43 /* Pods */,
				0630407E51F60437C259E8CE /* Frameworks */,
			);
			sourceTree = "<group>";
		};
		8887CDA62454285C00BBB98F /* Products */ = {
			isa = PBXGroup;
			children = (
				8887CDA52454285C00BBB98F /* Covid-Tracker.app */,
			);
			name = Products;
			sourceTree = "<group>";
		};
		8887CDA72454285C00BBB98F /* Covid-Tracker */ = {
			isa = PBXGroup;
			children = (
				8887CDA82454285C00BBB98F /* AppDelegate.swift */,
				8887CDAA2454285C00BBB98F /* SceneDelegate.swift */,
				8887CDBD24542D1500BBB98F /* Models */,
				8887CDBE24542D2200BBB98F /* Views */,
				8887CDBC24542D0C00BBB98F /* Controllers */,
				8887CDB12454285E00BBB98F /* Assets.xcassets */,
				8887CDB62454285E00BBB98F /* Info.plist */,
			);
			path = "Covid-Tracker";
			sourceTree = "<group>";
		};
		8887CDBC24542D0C00BBB98F /* Controllers */ = {
			isa = PBXGroup;
			children = (
				8887CDAC2454285C00BBB98F /* TrackerViewController.swift */,
			);
			path = Controllers;
			sourceTree = "<group>";
		};
		8887CDBD24542D1500BBB98F /* Models */ = {
			isa = PBXGroup;
			children = (
				8887CDC12454736400BBB98F /* CovidData.swift */,
				8887CDC32454737100BBB98F /* CovidDataModel.swift */,
				8887CDBF2454734F00BBB98F /* CovidDataManager.swift */,
			);
			path = Models;
			sourceTree = "<group>";
		};
		8887CDBE24542D2200BBB98F /* Views */ = {
			isa = PBXGroup;
			children = (
				8887CDAE2454285C00BBB98F /* Main.storyboard */,
				8887CDB32454285E00BBB98F /* LaunchScreen.storyboard */,
			);
			path = Views;
			sourceTree = "<group>";
		};
/* End PBXGroup section */

/* Begin PBXNativeTarget section */
		8887CDA42454285C00BBB98F /* Covid-Tracker */ = {
			isa = PBXNativeTarget;
			buildConfigurationList = 8887CDB92454285E00BBB98F /* Build configuration list for PBXNativeTarget "Covid-Tracker" */;
			buildPhases = (
				901E96255B217F7E409F8C86 /* [CP] Check Pods Manifest.lock */,
				8887CDA12454285C00BBB98F /* Sources */,
				8887CDA22454285C00BBB98F /* Frameworks */,
				8887CDA32454285C00BBB98F /* Resources */,
				43D657158328EEFF1AFD81F7 /* [CP] Embed Pods Frameworks */,
			);
			buildRules = (
			);
			dependencies = (
			);
			name = "Covid-Tracker";
			productName = "Covid-Tracker";
			productReference = 8887CDA52454285C00BBB98F /* Covid-Tracker.app */;
			productType = "com.apple.product-type.application";
		};
/* End PBXNativeTarget section */

/* Begin PBXProject section */
		8887CD9D2454285B00BBB98F /* Project object */ = {
			isa = PBXProject;
			attributes = {
				LastSwiftUpdateCheck = 1140;
				LastUpgradeCheck = 1140;
				ORGANIZATIONNAME = Naidas;
				TargetAttributes = {
					8887CDA42454285C00BBB98F = {
						CreatedOnToolsVersion = 11.4.1;
					};
				};
			};
			buildConfigurationList = 8887CDA02454285B00BBB98F /* Build configuration list for PBXProject "Covid-Tracker" */;
			compatibilityVersion = "Xcode 9.3";
			developmentRegion = en;
			hasScannedForEncodings = 0;
			knownRegions = (
				en,
				Base,
			);
			mainGroup = 8887CD9C2454285B00BBB98F;
			productRefGroup = 8887CDA62454285C00BBB98F /* Products */;
			projectDirPath = "";
			projectRoot = "";
			targets = (
				8887CDA42454285C00BBB98F /* Covid-Tracker */,
			);
		};
/* End PBXProject section */

/* Begin PBXResourcesBuildPhase section */
		8887CDA32454285C00BBB98F /* Resources */ = {
			isa = PBXResourcesBuildPhase;
			buildActionMask = 2147483647;
			files = (
				8887CDB52454285E00BBB98F /* LaunchScreen.storyboard in Resources */,
				8887CDB22454285E00BBB98F /* Assets.xcassets in Resources */,
				8887CDB02454285C00BBB98F /* Main.storyboard in Resources */,
			);
			runOnlyForDeploymentPostprocessing = 0;
		};
/* End PBXResourcesBuildPhase section */

/* Begin PBXShellScriptBuildPhase section */
		43D657158328EEFF1AFD81F7 /* [CP] Embed Pods Frameworks */ = {
			isa = PBXShellScriptBuildPhase;
			buildActionMask = 2147483647;
			files = (
			);
			inputFileListPaths = (
				"${PODS_ROOT}/Target Support Files/Pods-Covid-Tracker/Pods-Covid-Tracker-frameworks-${CONFIGURATION}-input-files.xcfilelist",
			);
			name = "[CP] Embed Pods Frameworks";
			outputFileListPaths = (
				"${PODS_ROOT}/Target Support Files/Pods-Covid-Tracker/Pods-Covid-Tracker-frameworks-${CONFIGURATION}-output-files.xcfilelist",
			);
			runOnlyForDeploymentPostprocessing = 0;
			shellPath = /bin/sh;
			shellScript = "\"${PODS_ROOT}/Target Support Files/Pods-Covid-Tracker/Pods-Covid-Tracker-frameworks.sh\"\n";
			showEnvVarsInLog = 0;
		};
		901E96255B217F7E409F8C86 /* [CP] Check Pods Manifest.lock */ = {
			isa = PBXShellScriptBuildPhase;
			buildActionMask = 2147483647;
			files = (
			);
			inputFileListPaths = (
			);
			inputPaths = (
				"${PODS_PODFILE_DIR_PATH}/Podfile.lock",
				"${PODS_ROOT}/Manifest.lock",
			);
			name = "[CP] Check Pods Manifest.lock";
			outputFileListPaths = (
			);
			outputPaths = (
				"$(DERIVED_FILE_DIR)/Pods-Covid-Tracker-checkManifestLockResult.txt",
			);
			runOnlyForDeploymentPostprocessing = 0;
			shellPath = /bin/sh;
			shellScript = "diff \"${PODS_PODFILE_DIR_PATH}/Podfile.lock\" \"${PODS_ROOT}/Manifest.lock\" > /dev/null\nif [ $? != 0 ] ; then\n    # print error to STDERR\n    echo \"error: The sandbox is not in sync with the Podfile.lock. Run 'pod install' or update your CocoaPods installation.\" >&2\n    exit 1\nfi\n# This output is used by Xcode 'outputs' to avoid re-running this script phase.\necho \"SUCCESS\" > \"${SCRIPT_OUTPUT_FILE_0}\"\n";
			showEnvVarsInLog = 0;
		};
/* End PBXShellScriptBuildPhase section */

/* Begin PBXSourcesBuildPhase section */
		8887CDA12454285C00BBB98F /* Sources */ = {
			isa = PBXSourcesBuildPhase;
			buildActionMask = 2147483647;
			files = (
				8887CDAD2454285C00BBB98F /* TrackerViewController.swift in Sources */,
				8887CDC22454736400BBB98F /* CovidData.swift in Sources */,
				8887CDA92454285C00BBB98F /* AppDelegate.swift in Sources */,
				8887CDAB2454285C00BBB98F /* SceneDelegate.swift in Sources */,
				8887CDC02454734F00BBB98F /* CovidDataManager.swift in Sources */,
				8887CDC42454737100BBB98F /* CovidDataModel.swift in Sources */,
			);
			runOnlyForDeploymentPostprocessing = 0;
		};
/* End PBXSourcesBuildPhase section */

/* Begin PBXVariantGroup section */
		8887CDAE2454285C00BBB98F /* Main.storyboard */ = {
			isa = PBXVariantGroup;
			children = (
				8887CDAF2454285C00BBB98F /* Base */,
			);
			name = Main.storyboard;
			sourceTree = "<group>";
		};
		8887CDB32454285E00BBB98F /* LaunchScreen.storyboard */ = {
			isa = PBXVariantGroup;
			children = (
				8887CDB42454285E00BBB98F /* Base */,
			);
			name = LaunchScreen.storyboard;
			sourceTree = "<group>";
		};
/* End PBXVariantGroup section */

/* Begin XCBuildConfiguration section */
		8887CDB72454285E00BBB98F /* Debug */ = {
			isa = XCBuildConfiguration;
			buildSettings = {
				ALWAYS_SEARCH_USER_PATHS = NO;
				CLANG_ANALYZER_NONNULL = YES;
				CLANG_ANALYZER_NUMBER_OBJECT_CONVERSION = YES_AGGRESSIVE;
				CLANG_CXX_LANGUAGE_STANDARD = "gnu++14";
				CLANG_CXX_LIBRARY = "libc++";
				CLANG_ENABLE_MODULES = YES;
				CLANG_ENABLE_OBJC_ARC = YES;
				CLANG_ENABLE_OBJC_WEAK = YES;
				CLANG_WARN_BLOCK_CAPTURE_AUTORELEASING = YES;
				CLANG_WARN_BOOL_CONVERSION = YES;
				CLANG_WARN_COMMA = YES;
				CLANG_WARN_CONSTANT_CONVERSION = YES;
				CLANG_WARN_DEPRECATED_OBJC_IMPLEMENTATIONS = YES;
				CLANG_WARN_DIRECT_OBJC_ISA_USAGE = YES_ERROR;
				CLANG_WARN_DOCUMENTATION_COMMENTS = YES;
				CLANG_WARN_EMPTY_BODY = YES;
				CLANG_WARN_ENUM_CONVERSION = YES;
				CLANG_WARN_INFINITE_RECURSION = YES;
				CLANG_WARN_INT_CONVERSION = YES;
				CLANG_WARN_NON_LITERAL_NULL_CONVERSION = YES;
				CLANG_WARN_OBJC_IMPLICIT_RETAIN_SELF = YES;
				CLANG_WARN_OBJC_LITERAL_CONVERSION = YES;
				CLANG_WARN_OBJC_ROOT_CLASS = YES_ERROR;
				CLANG_WARN_RANGE_LOOP_ANALYSIS = YES;
				CLANG_WARN_STRICT_PROTOTYPES = YES;
				CLANG_WARN_SUSPICIOUS_MOVE = YES;
				CLANG_WARN_UNGUARDED_AVAILABILITY = YES_AGGRESSIVE;
				CLANG_WARN_UNREACHABLE_CODE = YES;
				CLANG_WARN__DUPLICATE_METHOD_MATCH = YES;
				COPY_PHASE_STRIP = NO;
				DEBUG_INFORMATION_FORMAT = dwarf;
				ENABLE_STRICT_OBJC_MSGSEND = YES;
				ENABLE_TESTABILITY = YES;
				GCC_C_LANGUAGE_STANDARD = gnu11;
				GCC_DYNAMIC_NO_PIC = NO;
				GCC_NO_COMMON_BLOCKS = YES;
				GCC_OPTIMIZATION_LEVEL = 0;
				GCC_PREPROCESSOR_DEFINITIONS = (
					"DEBUG=1",
					"$(inherited)",
				);
				GCC_WARN_64_TO_32_BIT_CONVERSION = YES;
				GCC_WARN_ABOUT_RETURN_TYPE = YES_ERROR;
				GCC_WARN_UNDECLARED_SELECTOR = YES;
				GCC_WARN_UNINITIALIZED_AUTOS = YES_AGGRESSIVE;
				GCC_WARN_UNUSED_FUNCTION = YES;
				GCC_WARN_UNUSED_VARIABLE = YES;
				IPHONEOS_DEPLOYMENT_TARGET = 13.4;
				MTL_ENABLE_DEBUG_INFO = INCLUDE_SOURCE;
				MTL_FAST_MATH = YES;
				ONLY_ACTIVE_ARCH = YES;
				SDKROOT = iphoneos;
				SWIFT_ACTIVE_COMPILATION_CONDITIONS = DEBUG;
				SWIFT_OPTIMIZATION_LEVEL = "-Onone";
			};
			name = Debug;
		};
		8887CDB82454285E00BBB98F /* Release */ = {
			isa = XCBuildConfiguration;
			buildSettings = {
				ALWAYS_SEARCH_USER_PATHS = NO;
				CLANG_ANALYZER_NONNULL = YES;
				CLANG_ANALYZER_NUMBER_OBJECT_CONVERSION = YES_AGGRESSIVE;
				CLANG_CXX_LANGUAGE_STANDARD = "gnu++14";
				CLANG_CXX_LIBRARY = "libc++";
				CLANG_ENABLE_MODULES = YES;
				CLANG_ENABLE_OBJC_ARC = YES;
				CLANG_ENABLE_OBJC_WEAK = YES;
				CLANG_WARN_BLOCK_CAPTURE_AUTORELEASING = YES;
				CLANG_WARN_BOOL_CONVERSION = YES;
				CLANG_WARN_COMMA = YES;
				CLANG_WARN_CONSTANT_CONVERSION = YES;
				CLANG_WARN_DEPRECATED_OBJC_IMPLEMENTATIONS = YES;
				CLANG_WARN_DIRECT_OBJC_ISA_USAGE = YES_ERROR;
				CLANG_WARN_DOCUMENTATION_COMMENTS = YES;
				CLANG_WARN_EMPTY_BODY = YES;
				CLANG_WARN_ENUM_CONVERSION = YES;
				CLANG_WARN_INFINITE_RECURSION = YES;
				CLANG_WARN_INT_CONVERSION = YES;
				CLANG_WARN_NON_LITERAL_NULL_CONVERSION = YES;
				CLANG_WARN_OBJC_IMPLICIT_RETAIN_SELF = YES;
				CLANG_WARN_OBJC_LITERAL_CONVERSION = YES;
				CLANG_WARN_OBJC_ROOT_CLASS = YES_ERROR;
				CLANG_WARN_RANGE_LOOP_ANALYSIS = YES;
				CLANG_WARN_STRICT_PROTOTYPES = YES;
				CLANG_WARN_SUSPICIOUS_MOVE = YES;
				CLANG_WARN_UNGUARDED_AVAILABILITY = YES_AGGRESSIVE;
				CLANG_WARN_UNREACHABLE_CODE = YES;
				CLANG_WARN__DUPLICATE_METHOD_MATCH = YES;
				COPY_PHASE_STRIP = NO;
				DEBUG_INFORMATION_FORMAT = "dwarf-with-dsym";
				ENABLE_NS_ASSERTIONS = NO;
				ENABLE_STRICT_OBJC_MSGSEND = YES;
				GCC_C_LANGUAGE_STANDARD = gnu11;
				GCC_NO_COMMON_BLOCKS = YES;
				GCC_WARN_64_TO_32_BIT_CONVERSION = YES;
				GCC_WARN_ABOUT_RETURN_TYPE = YES_ERROR;
				GCC_WARN_UNDECLARED_SELECTOR = YES;
				GCC_WARN_UNINITIALIZED_AUTOS = YES_AGGRESSIVE;
				GCC_WARN_UNUSED_FUNCTION = YES;
				GCC_WARN_UNUSED_VARIABLE = YES;
				IPHONEOS_DEPLOYMENT_TARGET = 13.4;
				MTL_ENABLE_DEBUG_INFO = NO;
				MTL_FAST_MATH = YES;
				SDKROOT = iphoneos;
				SWIFT_COMPILATION_MODE = wholemodule;
				SWIFT_OPTIMIZATION_LEVEL = "-O";
				VALIDATE_PRODUCT = YES;
			};
			name = Release;
		};
		8887CDBA2454285E00BBB98F /* Debug */ = {
			isa = XCBuildConfiguration;
			baseConfigurationReference = 9762BED46436A44E62D99B43 /* Pods-Covid-Tracker.debug.xcconfig */;
			buildSettings = {
				ASSETCATALOG_COMPILER_APPICON_NAME = AppIcon;
				CODE_SIGN_STYLE = Automatic;
				DEVELOPMENT_TEAM = 4BZ3EM74MH;
				INFOPLIST_FILE = "Covid-Tracker/Info.plist";
				LD_RUNPATH_SEARCH_PATHS = (
					"$(inherited)",
					"@executable_path/Frameworks",
				);
				PRODUCT_BUNDLE_IDENTIFIER = "com.bananaids.Covid-Tracker";
				PRODUCT_NAME = "$(TARGET_NAME)";
				SWIFT_VERSION = 5.0;
				TARGETED_DEVICE_FAMILY = "1,2";
			};
			name = Debug;
		};
		8887CDBB2454285E00BBB98F /* Release */ = {
			isa = XCBuildConfiguration;
			baseConfigurationReference = 4250A1C35D159669695081A5 /* Pods-Covid-Tracker.release.xcconfig */;
			buildSettings = {
				ASSETCATALOG_COMPILER_APPICON_NAME = AppIcon;
				CODE_SIGN_STYLE = Automatic;
				DEVELOPMENT_TEAM = 4BZ3EM74MH;
				INFOPLIST_FILE = "Covid-Tracker/Info.plist";
				LD_RUNPATH_SEARCH_PATHS = (
					"$(inherited)",
					"@executable_path/Frameworks",
				);
				PRODUCT_BUNDLE_IDENTIFIER = "com.bananaids.Covid-Tracker";
				PRODUCT_NAME = "$(TARGET_NAME)";
				SWIFT_VERSION = 5.0;
				TARGETED_DEVICE_FAMILY = "1,2";
			};
			name = Release;
		};
/* End XCBuildConfiguration section */

/* Begin XCConfigurationList section */
		8887CDA02454285B00BBB98F /* Build configuration list for PBXProject "Covid-Tracker" */ = {
			isa = XCConfigurationList;
			buildConfigurations = (
				8887CDB72454285E00BBB98F /* Debug */,
				8887CDB82454285E00BBB98F /* Release */,
			);
			defaultConfigurationIsVisible = 0;
			defaultConfigurationName = Release;
		};
		8887CDB92454285E00BBB98F /* Build configuration list for PBXNativeTarget "Covid-Tracker" */ = {
			isa = XCConfigurationList;
			buildConfigurations = (
				8887CDBA2454285E00BBB98F /* Debug */,
				8887CDBB2454285E00BBB98F /* Release */,
			);
			defaultConfigurationIsVisible = 0;
			defaultConfigurationName = Release;
		};
/* End XCConfigurationList section */
	};
	rootObject = 8887CD9D2454285B00BBB98F /* Project object */;
}
